[[package]]
name = "pygame"
version = "2.0.1"
description = "Python Game Development"
category = "main"
optional = false
python-versions = "*"

[[package]]
name = "pyqt5"
version = "5.15.4"
description = "Python bindings for the Qt cross platform application toolkit"
category = "main"
optional = false
python-versions = ">=3.6"

[package.dependencies]
PyQt5-Qt5 = ">=5.15"
PyQt5-sip = ">=12.8,<13"

[[package]]
name = "pyqt5-qt5"
version = "5.15.2"
description = "The subset of a Qt installation needed by PyQt5."
category = "main"
optional = false
python-versions = "*"

[[package]]
name = "pyqt5-sip"
version = "12.9.0"
description = "The sip module support for PyQt5"
category = "main"
optional = false
python-versions = ">=3.5"

[metadata]
lock-version = "1.1"
python-versions = "^3.8"
content-hash = "a025bf0b7cb7984847e0aa3e1aaa2f2606f57e4b9d5a6cbcfdb8f06087081fae"

[metadata.files]
pygame = [
    {file = "pygame-2.0.1-cp27-cp27m-macosx_10_9_intel.whl", hash = "sha256:49c2f58559c1fbf4ba258e4b141578ccb0e83da3d4f823894f6171a8f0d594ed"},
    {file = "pygame-2.0.1-cp27-cp27m-win32.whl", hash = "sha256:0571dde0277483f5060c8ee43cbfd8df5776b12505e3948eee241c8ce9b93371"},
    {file = "pygame-2.0.1-cp27-cp27m-win_amd64.whl", hash = "sha256:fd5ee0f42d59a290c049f91894e0739f62c2908e7edc028ffb847a105e68bfc3"},
    {file = "pygame-2.0.1-cp27-cp27mu-manylinux1_i686.whl", hash = "sha256:21475405bcdeb20b8a796a3da6704ebb816e06b29749dd64ff619e80816b7932"},
    {file = "pygame-2.0.1-cp27-cp27mu-manylinux1_x86_64.whl", hash = "sha256:ad230911d61f448c09886d3c92b2eae44ca7530babe9c48e74e02a0622ce2d34"},
    {file = "pygame-2.0.1-cp35-cp35m-macosx_10_9_intel.whl", hash = "sha256:9aead3f2eed90260136b201f398965900c5335c974bb7b47c381d98e39284018"},
    {file = "pygame-2.0.1-cp35-cp35m-manylinux1_i686.whl", hash = "sha256:5aeeb6659a7fe7760a78e449566553ae8c949ae29dd907a8eb4171fa0a274c16"},
    {file = "pygame-2.0.1-cp35-cp35m-manylinux1_x86_64.whl", hash = "sha256:3270cbcff40ca2b5622a145346298a33285c91b6d50097e0b85123d9a2bc7c9b"},
    {file = "pygame-2.0.1-cp35-cp35m-win32.whl", hash = "sha256:72625dc949c6d08ba7ce7c37a33163bb498d90ca0d7e626db3cfbf486df4db1d"},
    {file = "pygame-2.0.1-cp35-cp35m-win_amd64.whl", hash = "sha256:bf833c853a0568738ee5d88e1345c17bf3e8db626c36fb895327a35bb1827b0b"},
    {file = "pygame-2.0.1-cp36-cp36m-macosx_10_9_intel.whl", hash = "sha256:44f3ff8224d7cb998642400371c685005c8316b55e87794cbf1f6407b88ec424"},
    {file = "pygame-2.0.1-cp36-cp36m-manylinux1_i686.whl", hash = "sha256:eab18df58dcc8512f1b694f7218146828d7e3dd3f4e73bfd6942a11810293fd5"},
    {file = "pygame-2.0.1-cp36-cp36m-manylinux1_x86_64.whl", hash = "sha256:19357c826ab94f9ae5b4ec5cb752cc806cfc29ea32cf7bdaacb65fa2615607e8"},
    {file = "pygame-2.0.1-cp36-cp36m-win32.whl", hash = "sha256:328d70d40bc9a6defb9f330f5e7f3d0726af1e7c2308ebca582e69480db2950d"},
    {file = "pygame-2.0.1-cp36-cp36m-win_amd64.whl", hash = "sha256:81510ffb1c31a3827c6be047b1926d81caf36dc734564ca0e14903d6bce60c6f"},
    {file = "pygame-2.0.1-cp37-cp37m-macosx_10_9_intel.whl", hash = "sha256:ece424c83a575c2e0ba25815871458d3bbade46d76b7997236fb51a0251229ab"},
    {file = "pygame-2.0.1-cp37-cp37m-manylinux1_i686.whl", hash = "sha256:e72cdc97a49509ca2298350c2c3a0ac26bc8e943ce003a7d245df42e91439d5d"},
    {file = "pygame-2.0.1-cp37-cp37m-manylinux1_x86_64.whl", hash = "sha256:9fd0691c4fe58b932674bb6a91d2808790e8269c3183ef16052f13e1c602ac00"},
    {file = "pygame-2.0.1-cp37-cp37m-win32.whl", hash = "sha256:4f41252dfa1e8bb95f2ea51fba710827dde9820a535623d002a65621bafe7e3f"},
    {file = "pygame-2.0.1-cp37-cp37m-win_amd64.whl", hash = "sha256:3b31d088129977885f72037c55cfa1140e9bcf3468e68b46141f6cc2b33d456b"},
    {file = "pygame-2.0.1-cp38-cp38-macosx_10_9_intel.whl", hash = "sha256:30eb5c7adb0b3362024cec2c461be6978fbfc99c3bca974e438b1b540cd09438"},
    {file = "pygame-2.0.1-cp38-cp38-manylinux1_i686.whl", hash = "sha256:845385caf99f8d941607791c60e560d24b4a35c70eef0b01c30cfde0b913ff92"},
    {file = "pygame-2.0.1-cp38-cp38-manylinux1_x86_64.whl", hash = "sha256:3c2676b4fd278d632037eacd3b0524ce1a592c048e8e5eb5830475f83585cb3a"},
    {file = "pygame-2.0.1-cp38-cp38-win32.whl", hash = "sha256:4d3135a1f8c76c3fff1ef8b7a51e4c6523748e9bdbd7bca6daa69790ce0e798a"},
    {file = "pygame-2.0.1-cp38-cp38-win_amd64.whl", hash = "sha256:898874521a9be1f9dbc5b036a9755803287c2664e335afd3e10963f7f4ccb853"},
    {file = "pygame-2.0.1-cp39-cp39-macosx_10_9_intel.whl", hash = "sha256:ed80b40da839d60f4c03915bb3638e3c96ea8c30e689d0cc309b7597d82cc217"},
    {file = "pygame-2.0.1-cp39-cp39-manylinux1_i686.whl", hash = "sha256:fd6acd09d2a0fd3f616b18f977f399ed3dd95e2d6754f115837f026d19d62e10"},
    {file = "pygame-2.0.1-cp39-cp39-manylinux1_x86_64.whl", hash = "sha256:d8059084ce54b2c3d7b2c8bacd5f6490db849b2d2d6e7368c160b08504c87e73"},
    {file = "pygame-2.0.1-cp39-cp39-win32.whl", hash = "sha256:107d5f82f471baee4b9522a691cb320dd52dbf329ed7a0e9ab25f75cd3caf890"},
    {file = "pygame-2.0.1-cp39-cp39-win_amd64.whl", hash = "sha256:07ed57062be4bb9741f57dab1751d95574c091c9958ed7e39cdb246d50903283"},
    {file = "pygame-2.0.1-pp27-pypy_73-manylinux2010_i686.whl", hash = "sha256:5f057e5aa4c383fcf18560dcae2c5593e37e3fc941083a0a00a17f7cf25ee522"},
    {file = "pygame-2.0.1-pp27-pypy_73-manylinux2010_x86_64.whl", hash = "sha256:c188ce4bf1544f2758e8b651f4349a0f3dc441e09d8ab7c4863db1ae8f084a32"},
    {file = "pygame-2.0.1-pp27-pypy_73-win32.whl", hash = "sha256:7ea518d8eeb072c77c16977cdee3c59d9fffa750ed9c7c9c533ba520b6b08af7"},
    {file = "pygame-2.0.1-pp36-pypy36_pp73-macosx_10_9_intel.whl", hash = "sha256:10ca736eecedadf492ba1191f9fa3a5e6f30db2b9f8882b3ee7706d5a89c14e0"},
    {file = "pygame-2.0.1-pp36-pypy36_pp73-manylinux2010_i686.whl", hash = "sha256:5afc34f0af0cec09a20b6bb09090054fac5169ab01909e01b06e7e0752ab0153"},
    {file = "pygame-2.0.1-pp36-pypy36_pp73-manylinux2010_x86_64.whl", hash = "sha256:2d9b0a66034fed390ee367a549435853502c9d4fe82ac0fa3a520f0ad5648e6e"},
    {file = "pygame-2.0.1-pp36-pypy36_pp73-win32.whl", hash = "sha256:9de559462aaa68c40bb7625dcd587584b4eb85c4208528dc97b9ee7254945294"},
    {file = "pygame-2.0.1-pp37-pypy37_pp73-macosx_10_9_intel.whl", hash = "sha256:9f48277de1daa83fd58a722b2e3423201b5eb39842227f32702fb78e4bba5a71"},
    {file = "pygame-2.0.1-pp37-pypy37_pp73-manylinux2010_i686.whl", hash = "sha256:a4e35d89b6754941e82df1ce980a1c370943d3c076938d94ed1e48165dd6a11b"},
    {file = "pygame-2.0.1-pp37-pypy37_pp73-manylinux2010_x86_64.whl", hash = "sha256:b812285d23b5644c643a6ae30553a772f935f47f61826660b108b8727936384b"},
    {file = "pygame-2.0.1.tar.gz", hash = "sha256:8b1e7b63f47aafcdd8849933b206778747ef1802bd3d526aca45ed77141e4001"},
]
pyqt5 = [
    {file = "PyQt5-5.15.4-cp36.cp37.cp38.cp39-abi3-macosx_10_13_intel.whl", hash = "sha256:8c0848ba790a895801d5bfd171da31cad3e551dbcc4e59677a3b622de2ceca98"},
    {file = "PyQt5-5.15.4-cp36.cp37.cp38.cp39-abi3-manylinux2014_x86_64.whl", hash = "sha256:883a549382fc22d29a0568f3ef20b38c8e7ab633a59498ac4eb63a3bf36d3fd3"},
    {file = "PyQt5-5.15.4-cp36.cp37.cp38.cp39-none-win32.whl", hash = "sha256:a88526a271e846e44779bb9ad7a738c6d3c4a9d01e15a128ecfc6dd4696393b7"},
    {file = "PyQt5-5.15.4-cp36.cp37.cp38.cp39-none-win_amd64.whl", hash = "sha256:213bebd51821ed89b4d5b35bb10dbe67564228b3568f463a351a08e8b1677025"},
    {file = "PyQt5-5.15.4.tar.gz", hash = "sha256:2a69597e0dd11caabe75fae133feca66387819fc9bc050f547e5551bce97e5be"},
]
pyqt5-qt5 = [
    {file = "PyQt5_Qt5-5.15.2-py3-none-macosx_10_13_intel.whl", hash = "sha256:76980cd3d7ae87e3c7a33bfebfaee84448fd650bad6840471d6cae199b56e154"},
    {file = "PyQt5_Qt5-5.15.2-py3-none-manylinux2014_x86_64.whl", hash = "sha256:1988f364ec8caf87a6ee5d5a3a5210d57539988bf8e84714c7d60972692e2f4a"},
    {file = "PyQt5_Qt5-5.15.2-py3-none-win32.whl", hash = "sha256:9cc7a768b1921f4b982ebc00a318ccb38578e44e45316c7a4a850e953e1dd327"},
    {file = "PyQt5_Qt5-5.15.2-py3-none-win_amd64.whl", hash = "sha256:750b78e4dba6bdf1607febedc08738e318ea09e9b10aea9ff0d73073f11f6962"},
]
pyqt5-sip = [
    {file = "PyQt5_sip-12.9.0-cp36-cp36m-macosx_10_6_intel.whl", hash = "sha256:d85002238b5180bce4b245c13d6face848faa1a7a9e5c6e292025004f2fd619a"},
    {file = "PyQt5_sip-12.9.0-cp36-cp36m-manylinux1_x86_64.whl", hash = "sha256:83c3220b1ca36eb8623ba2eb3766637b19eb0ce9f42336ad8253656d32750c0a"},
    {file = "PyQt5_sip-12.9.0-cp36-cp36m-win32.whl", hash = "sha256:d8b2bdff7bbf45bc975c113a03b14fd669dc0c73e1327f02706666a7dd51a197"},
    {file = "PyQt5_sip-12.9.0-cp36-cp36m-win_amd64.whl", hash = "sha256:69a3ad4259172e2b1aa9060de211efac39ddd734a517b1924d9c6c0cc4f55f96"},
    {file = "PyQt5_sip-12.9.0-cp37-cp37m-macosx_10_9_x86_64.whl", hash = "sha256:42274a501ab4806d2c31659170db14c282b8313d2255458064666d9e70d96206"},
    {file = "PyQt5_sip-12.9.0-cp37-cp37m-manylinux1_x86_64.whl", hash = "sha256:6a8701892a01a5a2a4720872361197cc80fdd5f49c8482d488ddf38c9c84f055"},
    {file = "PyQt5_sip-12.9.0-cp37-cp37m-win32.whl", hash = "sha256:ac57d796c78117eb39edd1d1d1aea90354651efac9d3590aac67fa4983f99f1f"},
    {file = "PyQt5_sip-12.9.0-cp37-cp37m-win_amd64.whl", hash = "sha256:4347bd81d30c8e3181e553b3734f91658cfbdd8f1a19f254777f906870974e6d"},
    {file = "PyQt5_sip-12.9.0-cp38-cp38-macosx_10_9_x86_64.whl", hash = "sha256:c446971c360a0a1030282a69375a08c78e8a61d568bfd6dab3dcc5cf8817f644"},
    {file = "PyQt5_sip-12.9.0-cp38-cp38-manylinux1_x86_64.whl", hash = "sha256:fc43f2d7c438517ee33e929e8ae77132749c15909afab6aeece5fcf4147ffdb5"},
    {file = "PyQt5_sip-12.9.0-cp38-cp38-win32.whl", hash = "sha256:055581c6fed44ba4302b70eeb82e979ff70400037358908f251cd85cbb3dbd93"},
    {file = "PyQt5_sip-12.9.0-cp38-cp38-win_amd64.whl", hash = "sha256:c5216403d4d8d857ec4a61f631d3945e44fa248aa2415e9ee9369ab7c8a4d0c7"},
    {file = "PyQt5_sip-12.9.0-cp39-cp39-macosx_10_9_x86_64.whl", hash = "sha256:a25b9843c7da6a1608f310879c38e6434331aab1dc2fe6cb65c14f1ecf33780e"},
    {file = "PyQt5_sip-12.9.0-cp39-cp39-manylinux1_x86_64.whl", hash = "sha256:dd05c768c2b55ffe56a9d49ce6cc77cdf3d53dbfad935258a9e347cbfd9a5850"},
    {file = "PyQt5_sip-12.9.0-cp39-cp39-win32.whl", hash = "sha256:4f8e05fe01d54275877c59018d8e82dcdd0bc5696053a8b830eecea3ce806121"},
    {file = "PyQt5_sip-12.9.0-cp39-cp39-win_amd64.whl", hash = "sha256:b09f4cd36a4831229fb77c424d89635fa937d97765ec90685e2f257e56a2685a"},
    {file = "PyQt5_sip-12.9.0.tar.gz", hash = "sha256:d3e4489d7c2b0ece9d203ae66e573939f7f60d4d29e089c9f11daa17cfeaae32"},
]
